NeoBundleLock emmet-vim f4b097af50833964e15f17192f2d1c336e34936e
NeoBundleLock lightline.vim f06368d396b507b45b8304825a07aed560c40276
NeoBundleLock molokai c67bdfcdb31415aa0ade7f8c003261700a885476
NeoBundleLock neobundle.vim 88951d60547595606ea0ca8f28f643d2506f2714
NeoBundleLock neocomplete.vim 4bf7526a1c8cca9f8614e8a09178f334eaca0481
NeoBundleLock neomru.vim c7bf447627679a3f06f0f3caf893b0497d0aa90b
NeoBundleLock nerdtree 334fb0e68797cf56d17db42bf56f39030f226cf8
NeoBundleLock syntastic 9a8823af338e18f7d2398125f7ad27dc3497f364
NeoBundleLock vim-autoclose a9a3b7384657bc1f60a963fd6c08c63fc48d61c3
NeoBundleLock vim-coloresque 0c21b1469993e610600e88e734ffe90b9c10a514
NeoBundleLock vim-monster 10ba87db4acc557158d4a02e0649e7c5af72b0fc
